
Microsoft Visual Studio Solution File, Format Version 12.00
# Visual Studio Version 17
VisualStudioVersion = 17.5.33414.496
MinimumVisualStudioVersion = 10.0.40219.1
Project("{FAE04EC0-301F-11D3-BF4B-00C04F79EFBC}") = "digikala dataset for last", "digikala dataset for last\digikala dataset for last.csproj", "{DE35A94D-5653-41A9-8BA9-75DC6D4E32E7}"
EndProject
Global
	GlobalSection(SolutionConfigurationPlatforms) = preSolution
		Debug|Any CPU = Debug|Any CPU
		Release|Any CPU = Release|Any CPU
	EndGlobalSection
	GlobalSection(ProjectConfigurationPlatforms) = postSolution
		{DE35A94D-5653-41A9-8BA9-75DC6D4E32E7}.Debug|Any CPU.ActiveCfg = Debug|Any CPU
		{DE35A94D-5653-41A9-8BA9-75DC6D4E32E7}.Debug|Any CPU.Build.0 = Debug|Any CPU
		{DE35A94D-5653-41A9-8BA9-75DC6D4E32E7}.Release|Any CPU.ActiveCfg = Release|Any CPU
		{DE35A94D-5653-41A9-8BA9-75DC6D4E32E7}.Release|Any CPU.Build.0 = Release|Any CPU
	EndGlobalSection
	GlobalSection(SolutionProperties) = preSolution
		HideSolutionNode = FALSE
	EndGlobalSection
	GlobalSection(ExtensibilityGlobals) = postSolution
		SolutionGuid = {BBF16451-D298-4B42-A36F-D52657766366}
	EndGlobalSection
EndGlobal
